{
  "name": "tutoriel",
  "lockfileVersion": 3,
  "requires": true,
  "packages": {
    "": {
      "dependencies": {
        "gaugeJS": "^1.3.7"
      }
    },
    "node_modules/gaugeJS": {
      "version": "1.3.7",
      "resolved": "https://registry.npmjs.org/gaugeJS/-/gaugeJS-1.3.7.tgz",
      "integrity": "sha512-te8IYMlgZOSbDmiecCwI+IOEUvEhYbniC+2qicPz7Bco5XV05QMtUr8ILqPuR+txtPC5855dZZojUHi0r15oWQ=="
    }
  }
}
